// !$*UTF8*$!
{
	archiveVersion = 1;
	classes = {
	};
	objectVersion = 56;
	objects = {

/* Begin PBXBuildFile section */
		9D79D5A4298E61670048F80E /* SDWebImage in Frameworks */ = {isa = PBXBuildFile; productRef = 9D79D5A3298E61670048F80E /* SDWebImage */; };
		9D79D5A7298E64A50048F80E /* Endpoint.swift in Sources */ = {isa = PBXBuildFile; fileRef = 9D79D5A6298E64A50048F80E /* Endpoint.swift */; };
		9D79D5AB298E65CC0048F80E /* Loader.swift in Sources */ = {isa = PBXBuildFile; fileRef = 9D79D5AA298E65CC0048F80E /* Loader.swift */; };
		9D79D5B0298E6A0B0048F80E /* Localizable.strings in Resources */ = {isa = PBXBuildFile; fileRef = 9D79D5B2298E6A0B0048F80E /* Localizable.strings */; };
		9D79D5B6298E6A8C0048F80E /* String+extensions.swift in Sources */ = {isa = PBXBuildFile; fileRef = 9D79D5B5298E6A8C0048F80E /* String+extensions.swift */; };
		9DA9384A298E520B005A9B66 /* AppDelegate.swift in Sources */ = {isa = PBXBuildFile; fileRef = 9DA93849298E520B005A9B66 /* AppDelegate.swift */; };
		9DA9384C298E520B005A9B66 /* SceneDelegate.swift in Sources */ = {isa = PBXBuildFile; fileRef = 9DA9384B298E520B005A9B66 /* SceneDelegate.swift */; };
		9DA93853298E520D005A9B66 /* Assets.xcassets in Resources */ = {isa = PBXBuildFile; fileRef = 9DA93852298E520D005A9B66 /* Assets.xcassets */; };
		9DA93856298E520D005A9B66 /* LaunchScreen.storyboard in Resources */ = {isa = PBXBuildFile; fileRef = 9DA93854298E520D005A9B66 /* LaunchScreen.storyboard */; };
		9DA93869298E5521005A9B66 /* CharacterListInteractorProtocol.swift in Sources */ = {isa = PBXBuildFile; fileRef = 9DA9385F298E5521005A9B66 /* CharacterListInteractorProtocol.swift */; };
		9DA9386A298E5521005A9B66 /* CharacterListPresenter.swift in Sources */ = {isa = PBXBuildFile; fileRef = 9DA93860298E5521005A9B66 /* CharacterListPresenter.swift */; };
		9DA9386B298E5521005A9B66 /* CharacterListViewControllerProtocol.swift in Sources */ = {isa = PBXBuildFile; fileRef = 9DA93861298E5521005A9B66 /* CharacterListViewControllerProtocol.swift */; };
		9DA9386C298E5521005A9B66 /* CharacterListPresenterProtocol.swift in Sources */ = {isa = PBXBuildFile; fileRef = 9DA93862298E5521005A9B66 /* CharacterListPresenterProtocol.swift */; };
		9DA9386D298E5521005A9B66 /* CharacterListViewController.swift in Sources */ = {isa = PBXBuildFile; fileRef = 9DA93863298E5521005A9B66 /* CharacterListViewController.swift */; };
		9DA9386E298E5521005A9B66 /* CharacterListBuilder.swift in Sources */ = {isa = PBXBuildFile; fileRef = 9DA93864298E5521005A9B66 /* CharacterListBuilder.swift */; };
		9DA9386F298E5521005A9B66 /* CharacterListInteractor.swift in Sources */ = {isa = PBXBuildFile; fileRef = 9DA93865298E5521005A9B66 /* CharacterListInteractor.swift */; };
		9DA93870298E5521005A9B66 /* CharacterListDataManagerProtocol.swift in Sources */ = {isa = PBXBuildFile; fileRef = 9DA93866298E5521005A9B66 /* CharacterListDataManagerProtocol.swift */; };
		9DA93871298E5521005A9B66 /* CharacterListOutput.swift in Sources */ = {isa = PBXBuildFile; fileRef = 9DA93867298E5521005A9B66 /* CharacterListOutput.swift */; };
		9DA93872298E5521005A9B66 /* CharacterListDataManager.swift in Sources */ = {isa = PBXBuildFile; fileRef = 9DA93868298E5521005A9B66 /* CharacterListDataManager.swift */; };
		9DA9387A298E5766005A9B66 /* Builder.swift in Sources */ = {isa = PBXBuildFile; fileRef = 9DA93879298E5766005A9B66 /* Builder.swift */; };
		9DA9387C298E588E005A9B66 /* Coordinator.swift in Sources */ = {isa = PBXBuildFile; fileRef = 9DA9387B298E588E005A9B66 /* Coordinator.swift */; };
		9DA9387F298E58B7005A9B66 /* CharacterModuleCoordinator.swift in Sources */ = {isa = PBXBuildFile; fileRef = 9DA9387E298E58B7005A9B66 /* CharacterModuleCoordinator.swift */; };
		9DA93882298E5C53005A9B66 /* ServiceProxy.swift in Sources */ = {isa = PBXBuildFile; fileRef = 9DA93881298E5C53005A9B66 /* ServiceProxy.swift */; };
		9DA93885298E5D9E005A9B66 /* DtoCharacterList.swift in Sources */ = {isa = PBXBuildFile; fileRef = 9DA93884298E5D9E005A9B66 /* DtoCharacterList.swift */; };
		9DA93889298E5EB7005A9B66 /* CharacterListTableViewCell.swift in Sources */ = {isa = PBXBuildFile; fileRef = 9DA93888298E5EB7005A9B66 /* CharacterListTableViewCell.swift */; };
		9DA9388C298E5FD4005A9B66 /* FontId.swift in Sources */ = {isa = PBXBuildFile; fileRef = 9DA9388B298E5FD4005A9B66 /* FontId.swift */; };
/* End PBXBuildFile section */

/* Begin PBXFileReference section */
		9D79D5A6298E64A50048F80E /* Endpoint.swift */ = {isa = PBXFileReference; lastKnownFileType = sourcecode.swift; path = Endpoint.swift; sourceTree = "<group>"; };
		9D79D5AA298E65CC0048F80E /* Loader.swift */ = {isa = PBXFileReference; lastKnownFileType = sourcecode.swift; path = Loader.swift; sourceTree = "<group>"; };
		9D79D5AC298E699B0048F80E /* es */ = {isa = PBXFileReference; lastKnownFileType = text.plist.strings; name = es; path = es.lproj/LaunchScreen.strings; sourceTree = "<group>"; };
		9D79D5B1298E6A0B0048F80E /* en */ = {isa = PBXFileReference; lastKnownFileType = text.plist.strings; name = en; path = en.lproj/Localizable.strings; sourceTree = "<group>"; };
		9D79D5B3298E6A0F0048F80E /* es */ = {isa = PBXFileReference; lastKnownFileType = text.plist.strings; name = es; path = es.lproj/Localizable.strings; sourceTree = "<group>"; };
		9D79D5B5298E6A8C0048F80E /* String+extensions.swift */ = {isa = PBXFileReference; lastKnownFileType = sourcecode.swift; path = "String+extensions.swift"; sourceTree = "<group>"; };
		9DA93846298E520B005A9B66 /* PruebaTecnicaAkkodis.app */ = {isa = PBXFileReference; explicitFileType = wrapper.application; includeInIndex = 0; path = PruebaTecnicaAkkodis.app; sourceTree = BUILT_PRODUCTS_DIR; };
		9DA93849298E520B005A9B66 /* AppDelegate.swift */ = {isa = PBXFileReference; lastKnownFileType = sourcecode.swift; path = AppDelegate.swift; sourceTree = "<group>"; };
		9DA9384B298E520B005A9B66 /* SceneDelegate.swift */ = {isa = PBXFileReference; lastKnownFileType = sourcecode.swift; path = SceneDelegate.swift; sourceTree = "<group>"; };
		9DA93852298E520D005A9B66 /* Assets.xcassets */ = {isa = PBXFileReference; lastKnownFileType = folder.assetcatalog; path = Assets.xcassets; sourceTree = "<group>"; };
		9DA93855298E520D005A9B66 /* Base */ = {isa = PBXFileReference; lastKnownFileType = file.storyboard; name = Base; path = Base.lproj/LaunchScreen.storyboard; sourceTree = "<group>"; };
		9DA93857298E520D005A9B66 /* Info.plist */ = {isa = PBXFileReference; lastKnownFileType = text.plist.xml; path = Info.plist; sourceTree = "<group>"; };
		9DA9385F298E5521005A9B66 /* CharacterListInteractorProtocol.swift */ = {isa = PBXFileReference; lastKnownFileType = sourcecode.swift; path = CharacterListInteractorProtocol.swift; sourceTree = "<group>"; };
		9DA93860298E5521005A9B66 /* CharacterListPresenter.swift */ = {isa = PBXFileReference; lastKnownFileType = sourcecode.swift; path = CharacterListPresenter.swift; sourceTree = "<group>"; };
		9DA93861298E5521005A9B66 /* CharacterListViewControllerProtocol.swift */ = {isa = PBXFileReference; lastKnownFileType = sourcecode.swift; path = CharacterListViewControllerProtocol.swift; sourceTree = "<group>"; };
		9DA93862298E5521005A9B66 /* CharacterListPresenterProtocol.swift */ = {isa = PBXFileReference; lastKnownFileType = sourcecode.swift; path = CharacterListPresenterProtocol.swift; sourceTree = "<group>"; };
		9DA93863298E5521005A9B66 /* CharacterListViewController.swift */ = {isa = PBXFileReference; lastKnownFileType = sourcecode.swift; path = CharacterListViewController.swift; sourceTree = "<group>"; };
		9DA93864298E5521005A9B66 /* CharacterListBuilder.swift */ = {isa = PBXFileReference; lastKnownFileType = sourcecode.swift; path = CharacterListBuilder.swift; sourceTree = "<group>"; };
		9DA93865298E5521005A9B66 /* CharacterListInteractor.swift */ = {isa = PBXFileReference; lastKnownFileType = sourcecode.swift; path = CharacterListInteractor.swift; sourceTree = "<group>"; };
		9DA93866298E5521005A9B66 /* CharacterListDataManagerProtocol.swift */ = {isa = PBXFileReference; lastKnownFileType = sourcecode.swift; path = CharacterListDataManagerProtocol.swift; sourceTree = "<group>"; };
		9DA93867298E5521005A9B66 /* CharacterListOutput.swift */ = {isa = PBXFileReference; lastKnownFileType = sourcecode.swift; path = CharacterListOutput.swift; sourceTree = "<group>"; };
		9DA93868298E5521005A9B66 /* CharacterListDataManager.swift */ = {isa = PBXFileReference; lastKnownFileType = sourcecode.swift; path = CharacterListDataManager.swift; sourceTree = "<group>"; };
		9DA93879298E5766005A9B66 /* Builder.swift */ = {isa = PBXFileReference; lastKnownFileType = sourcecode.swift; path = Builder.swift; sourceTree = "<group>"; };
		9DA9387B298E588E005A9B66 /* Coordinator.swift */ = {isa = PBXFileReference; lastKnownFileType = sourcecode.swift; path = Coordinator.swift; sourceTree = "<group>"; };
		9DA9387E298E58B7005A9B66 /* CharacterModuleCoordinator.swift */ = {isa = PBXFileReference; lastKnownFileType = sourcecode.swift; path = CharacterModuleCoordinator.swift; sourceTree = "<group>"; };
		9DA93881298E5C53005A9B66 /* ServiceProxy.swift */ = {isa = PBXFileReference; lastKnownFileType = sourcecode.swift; path = ServiceProxy.swift; sourceTree = "<group>"; };
		9DA93884298E5D9E005A9B66 /* DtoCharacterList.swift */ = {isa = PBXFileReference; lastKnownFileType = sourcecode.swift; path = DtoCharacterList.swift; sourceTree = "<group>"; };
		9DA93888298E5EB7005A9B66 /* CharacterListTableViewCell.swift */ = {isa = PBXFileReference; lastKnownFileType = sourcecode.swift; path = CharacterListTableViewCell.swift; sourceTree = "<group>"; };
		9DA9388B298E5FD4005A9B66 /* FontId.swift */ = {isa = PBXFileReference; lastKnownFileType = sourcecode.swift; path = FontId.swift; sourceTree = "<group>"; };
/* End PBXFileReference section */

/* Begin PBXFrameworksBuildPhase section */
		9DA93843298E520A005A9B66 /* Frameworks */ = {
			isa = PBXFrameworksBuildPhase;
			buildActionMask = 2147483647;
			files = (
				9D79D5A4298E61670048F80E /* SDWebImage in Frameworks */,
			);
			runOnlyForDeploymentPostprocessing = 0;
		};
/* End PBXFrameworksBuildPhase section */

/* Begin PBXGroup section */
		9D79D5A5298E649B0048F80E /* Endpoint */ = {
			isa = PBXGroup;
			children = (
				9D79D5A6298E64A50048F80E /* Endpoint.swift */,
			);
			path = Endpoint;
			sourceTree = "<group>";
		};
		9D79D5A8298E65B30048F80E /* Architecture */ = {
			isa = PBXGroup;
			children = (
				9DA9387B298E588E005A9B66 /* Coordinator.swift */,
				9DA93879298E5766005A9B66 /* Builder.swift */,
			);
			path = Architecture;
			sourceTree = "<group>";
		};
		9D79D5A9298E65C10048F80E /* Layout */ = {
			isa = PBXGroup;
			children = (
				9D79D5AA298E65CC0048F80E /* Loader.swift */,
			);
			path = Layout;
			sourceTree = "<group>";
		};
		9D79D5AD298E69EE0048F80E /* Localizable */ = {
			isa = PBXGroup;
			children = (
				9D79D5B2298E6A0B0048F80E /* Localizable.strings */,
			);
			path = Localizable;
			sourceTree = "<group>";
		};
		9DA9383D298E520A005A9B66 = {
			isa = PBXGroup;
			children = (
				9DA93848298E520B005A9B66 /* PruebaTecnicaAkkodis */,
				9DA93847298E520B005A9B66 /* Products */,
			);
			sourceTree = "<group>";
		};
		9DA93847298E520B005A9B66 /* Products */ = {
			isa = PBXGroup;
			children = (
				9DA93846298E520B005A9B66 /* PruebaTecnicaAkkodis.app */,
			);
			name = Products;
			sourceTree = "<group>";
		};
		9DA93848298E520B005A9B66 /* PruebaTecnicaAkkodis */ = {
			isa = PBXGroup;
			children = (
				9D79D5AD298E69EE0048F80E /* Localizable */,
				9DA9388A298E5FCC005A9B66 /* Theme */,
				9DA93880298E5C46005A9B66 /* Network */,
				9DA9387D298E58A5005A9B66 /* Coordinators */,
				9DA93878298E575B005A9B66 /* Utils */,
				9DA9385D298E542E005A9B66 /* Modules */,
				9DA93886298E5E8E005A9B66 /* Components */,
				9DA93849298E520B005A9B66 /* AppDelegate.swift */,
				9DA9384B298E520B005A9B66 /* SceneDelegate.swift */,
				9DA93852298E520D005A9B66 /* Assets.xcassets */,
				9DA93854298E520D005A9B66 /* LaunchScreen.storyboard */,
				9DA93857298E520D005A9B66 /* Info.plist */,
			);
			path = PruebaTecnicaAkkodis;
			sourceTree = "<group>";
		};
		9DA9385D298E542E005A9B66 /* Modules */ = {
			isa = PBXGroup;
			children = (
				9DA9385E298E54A5005A9B66 /* CharacterList */,
			);
			path = Modules;
			sourceTree = "<group>";
		};
		9DA9385E298E54A5005A9B66 /* CharacterList */ = {
			isa = PBXGroup;
			children = (
				9DA93877298E5549005A9B66 /* Build */,
				9DA93876298E5543005A9B66 /* DataManager */,
				9DA93875298E553A005A9B66 /* Interactor */,
				9DA93874298E5535005A9B66 /* Presenter */,
				9DA93873298E552A005A9B66 /* View */,
			);
			path = CharacterList;
			sourceTree = "<group>";
		};
		9DA93873298E552A005A9B66 /* View */ = {
			isa = PBXGroup;
			children = (
				9DA93863298E5521005A9B66 /* CharacterListViewController.swift */,
				9DA93861298E5521005A9B66 /* CharacterListViewControllerProtocol.swift */,
				9DA93867298E5521005A9B66 /* CharacterListOutput.swift */,
			);
			path = View;
			sourceTree = "<group>";
		};
		9DA93874298E5535005A9B66 /* Presenter */ = {
			isa = PBXGroup;
			children = (
				9DA93862298E5521005A9B66 /* CharacterListPresenterProtocol.swift */,
				9DA93860298E5521005A9B66 /* CharacterListPresenter.swift */,
			);
			path = Presenter;
			sourceTree = "<group>";
		};
		9DA93875298E553A005A9B66 /* Interactor */ = {
			isa = PBXGroup;
			children = (
				9DA9385F298E5521005A9B66 /* CharacterListInteractorProtocol.swift */,
				9DA93865298E5521005A9B66 /* CharacterListInteractor.swift */,
			);
			path = Interactor;
			sourceTree = "<group>";
		};
		9DA93876298E5543005A9B66 /* DataManager */ = {
			isa = PBXGroup;
			children = (
				9DA93866298E5521005A9B66 /* CharacterListDataManagerProtocol.swift */,
				9DA93868298E5521005A9B66 /* CharacterListDataManager.swift */,
			);
			path = DataManager;
			sourceTree = "<group>";
		};
		9DA93877298E5549005A9B66 /* Build */ = {
			isa = PBXGroup;
			children = (
				9DA93864298E5521005A9B66 /* CharacterListBuilder.swift */,
			);
			path = Build;
			sourceTree = "<group>";
		};
		9DA93878298E575B005A9B66 /* Utils */ = {
			isa = PBXGroup;
			children = (
				9D79D5A9298E65C10048F80E /* Layout */,
				9D79D5A8298E65B30048F80E /* Architecture */,
				9D79D5B5298E6A8C0048F80E /* String+extensions.swift */,
			);
			path = Utils;
			sourceTree = "<group>";
		};
		9DA9387D298E58A5005A9B66 /* Coordinators */ = {
			isa = PBXGroup;
			children = (
				9DA9387E298E58B7005A9B66 /* CharacterModuleCoordinator.swift */,
			);
			path = Coordinators;
			sourceTree = "<group>";
		};
		9DA93880298E5C46005A9B66 /* Network */ = {
			isa = PBXGroup;
			children = (
				9D79D5A5298E649B0048F80E /* Endpoint */,
				9DA93883298E5D84005A9B66 /* Entities */,
				9DA93881298E5C53005A9B66 /* ServiceProxy.swift */,
			);
			path = Network;
			sourceTree = "<group>";
		};
		9DA93883298E5D84005A9B66 /* Entities */ = {
			isa = PBXGroup;
			children = (
				9DA93884298E5D9E005A9B66 /* DtoCharacterList.swift */,
			);
			path = Entities;
			sourceTree = "<group>";
		};
		9DA93886298E5E8E005A9B66 /* Components */ = {
			isa = PBXGroup;
			children = (
				9DA93887298E5E98005A9B66 /* UITableViewCells */,
			);
			path = Components;
			sourceTree = "<group>";
		};
		9DA93887298E5E98005A9B66 /* UITableViewCells */ = {
			isa = PBXGroup;
			children = (
				9DA93888298E5EB7005A9B66 /* CharacterListTableViewCell.swift */,
			);
			path = UITableViewCells;
			sourceTree = "<group>";
		};
		9DA9388A298E5FCC005A9B66 /* Theme */ = {
			isa = PBXGroup;
			children = (
				9DA9388B298E5FD4005A9B66 /* FontId.swift */,
			);
			path = Theme;
			sourceTree = "<group>";
		};
/* End PBXGroup section */

/* Begin PBXNativeTarget section */
		9DA93845298E520A005A9B66 /* PruebaTecnicaAkkodis */ = {
			isa = PBXNativeTarget;
			buildConfigurationList = 9DA9385A298E520D005A9B66 /* Build configuration list for PBXNativeTarget "PruebaTecnicaAkkodis" */;
			buildPhases = (
				9DA93842298E520A005A9B66 /* Sources */,
				9DA93843298E520A005A9B66 /* Frameworks */,
				9DA93844298E520A005A9B66 /* Resources */,
			);
			buildRules = (
			);
			dependencies = (
			);
			name = PruebaTecnicaAkkodis;
			packageProductDependencies = (
				9D79D5A3298E61670048F80E /* SDWebImage */,
			);
			productName = PruebaTecnicaAkkodis;
			productReference = 9DA93846298E520B005A9B66 /* PruebaTecnicaAkkodis.app */;
			productType = "com.apple.product-type.application";
		};
/* End PBXNativeTarget section */

/* Begin PBXProject section */
		9DA9383E298E520A005A9B66 /* Project object */ = {
			isa = PBXProject;
			attributes = {
				BuildIndependentTargetsInParallel = 1;
				LastSwiftUpdateCheck = 1400;
				LastUpgradeCheck = 1400;
				TargetAttributes = {
					9DA93845298E520A005A9B66 = {
						CreatedOnToolsVersion = 14.0;
					};
				};
			};
			buildConfigurationList = 9DA93841298E520A005A9B66 /* Build configuration list for PBXProject "PruebaTecnicaAkkodis" */;
			compatibilityVersion = "Xcode 14.0";
			developmentRegion = en;
			hasScannedForEncodings = 0;
			knownRegions = (
				en,
				Base,
				es,
			);
			mainGroup = 9DA9383D298E520A005A9B66;
			packageReferences = (
				9D79D5A2298E61670048F80E /* XCRemoteSwiftPackageReference "SDWebImage" */,
			);
			productRefGroup = 9DA93847298E520B005A9B66 /* Products */;
			projectDirPath = "";
			projectRoot = "";
			targets = (
				9DA93845298E520A005A9B66 /* PruebaTecnicaAkkodis */,
			);
		};
/* End PBXProject section */

/* Begin PBXResourcesBuildPhase section */
		9DA93844298E520A005A9B66 /* Resources */ = {
			isa = PBXResourcesBuildPhase;
			buildActionMask = 2147483647;
			files = (
				9DA93856298E520D005A9B66 /* LaunchScreen.storyboard in Resources */,
				9D79D5B0298E6A0B0048F80E /* Localizable.strings in Resources */,
				9DA93853298E520D005A9B66 /* Assets.xcassets in Resources */,
			);
			runOnlyForDeploymentPostprocessing = 0;
		};
/* End PBXResourcesBuildPhase section */

/* Begin PBXSourcesBuildPhase section */
		9DA93842298E520A005A9B66 /* Sources */ = {
			isa = PBXSourcesBuildPhase;
			buildActionMask = 2147483647;
			files = (
				9DA93882298E5C53005A9B66 /* ServiceProxy.swift in Sources */,
				9DA9386A298E5521005A9B66 /* CharacterListPresenter.swift in Sources */,
				9D79D5B6298E6A8C0048F80E /* String+extensions.swift in Sources */,
				9DA93889298E5EB7005A9B66 /* CharacterListTableViewCell.swift in Sources */,
				9DA93870298E5521005A9B66 /* CharacterListDataManagerProtocol.swift in Sources */,
				9DA93869298E5521005A9B66 /* CharacterListInteractorProtocol.swift in Sources */,
				9D79D5AB298E65CC0048F80E /* Loader.swift in Sources */,
				9DA9386C298E5521005A9B66 /* CharacterListPresenterProtocol.swift in Sources */,
				9DA9384A298E520B005A9B66 /* AppDelegate.swift in Sources */,
				9DA9386D298E5521005A9B66 /* CharacterListViewController.swift in Sources */,
				9DA9387C298E588E005A9B66 /* Coordinator.swift in Sources */,
				9DA9386E298E5521005A9B66 /* CharacterListBuilder.swift in Sources */,
				9DA9387A298E5766005A9B66 /* Builder.swift in Sources */,
				9DA9387F298E58B7005A9B66 /* CharacterModuleCoordinator.swift in Sources */,
				9DA9388C298E5FD4005A9B66 /* FontId.swift in Sources */,
				9DA9386B298E5521005A9B66 /* CharacterListViewControllerProtocol.swift in Sources */,
				9D79D5A7298E64A50048F80E /* Endpoint.swift in Sources */,
				9DA9384C298E520B005A9B66 /* SceneDelegate.swift in Sources */,
				9DA93885298E5D9E005A9B66 /* DtoCharacterList.swift in Sources */,
				9DA93871298E5521005A9B66 /* CharacterListOutput.swift in Sources */,
				9DA9386F298E5521005A9B66 /* CharacterListInteractor.swift in Sources */,
				9DA93872298E5521005A9B66 /* CharacterListDataManager.swift in Sources */,
			);
			runOnlyForDeploymentPostprocessing = 0;
		};
/* End PBXSourcesBuildPhase section */

/* Begin PBXVariantGroup section */
		9D79D5B2298E6A0B0048F80E /* Localizable.strings */ = {
			isa = PBXVariantGroup;
			children = (
				9D79D5B1298E6A0B0048F80E /* en */,
				9D79D5B3298E6A0F0048F80E /* es */,
			);
			name = Localizable.strings;
			sourceTree = "<group>";
		};
		9DA93854298E520D005A9B66 /* LaunchScreen.storyboard */ = {
			isa = PBXVariantGroup;
			children = (
				9DA93855298E520D005A9B66 /* Base */,
				9D79D5AC298E699B0048F80E /* es */,
			);
			name = LaunchScreen.storyboard;
			sourceTree = "<group>";
		};
/* End PBXVariantGroup section */

/* Begin XCBuildConfiguration section */
		9DA93858298E520D005A9B66 /* Debug */ = {
			isa = XCBuildConfiguration;
			buildSettings = {
				ALWAYS_SEARCH_USER_PATHS = NO;
				CLANG_ANALYZER_LOCALIZABILITY_NONLOCALIZED = YES;
				CLANG_ANALYZER_NONNULL = YES;
				CLANG_ANALYZER_NUMBER_OBJECT_CONVERSION = YES_AGGRESSIVE;
				CLANG_CXX_LANGUAGE_STANDARD = "gnu++20";
				CLANG_ENABLE_MODULES = YES;
				CLANG_ENABLE_OBJC_ARC = YES;
				CLANG_ENABLE_OBJC_WEAK = YES;
				CLANG_WARN_BLOCK_CAPTURE_AUTORELEASING = YES;
				CLANG_WARN_BOOL_CONVERSION = YES;
				CLANG_WARN_COMMA = YES;
				CLANG_WARN_CONSTANT_CONVERSION = YES;
				CLANG_WARN_DEPRECATED_OBJC_IMPLEMENTATIONS = YES;
				CLANG_WARN_DIRECT_OBJC_ISA_USAGE = YES_ERROR;
				CLANG_WARN_DOCUMENTATION_COMMENTS = YES;
				CLANG_WARN_EMPTY_BODY = YES;
				CLANG_WARN_ENUM_CONVERSION = YES;
				CLANG_WARN_INFINITE_RECURSION = YES;
				CLANG_WARN_INT_CONVERSION = YES;
				CLANG_WARN_NON_LITERAL_NULL_CONVERSION = YES;
				CLANG_WARN_OBJC_IMPLICIT_RETAIN_SELF = YES;
				CLANG_WARN_OBJC_LITERAL_CONVERSION = YES;
				CLANG_WARN_OBJC_ROOT_CLASS = YES_ERROR;
				CLANG_WARN_QUOTED_INCLUDE_IN_FRAMEWORK_HEADER = YES;
				CLANG_WARN_RANGE_LOOP_ANALYSIS = YES;
				CLANG_WARN_STRICT_PROTOTYPES = YES;
				CLANG_WARN_SUSPICIOUS_MOVE = YES;
				CLANG_WARN_UNGUARDED_AVAILABILITY = YES_AGGRESSIVE;
				CLANG_WARN_UNREACHABLE_CODE = YES;
				CLANG_WARN__DUPLICATE_METHOD_MATCH = YES;
				COPY_PHASE_STRIP = NO;
				DEBUG_INFORMATION_FORMAT = dwarf;
				ENABLE_STRICT_OBJC_MSGSEND = YES;
				ENABLE_TESTABILITY = YES;
				GCC_C_LANGUAGE_STANDARD = gnu11;
				GCC_DYNAMIC_NO_PIC = NO;
				GCC_NO_COMMON_BLOCKS = YES;
				GCC_OPTIMIZATION_LEVEL = 0;
				GCC_PREPROCESSOR_DEFINITIONS = (
					"DEBUG=1",
					"$(inherited)",
				);
				GCC_WARN_64_TO_32_BIT_CONVERSION = YES;
				GCC_WARN_ABOUT_RETURN_TYPE = YES_ERROR;
				GCC_WARN_UNDECLARED_SELECTOR = YES;
				GCC_WARN_UNINITIALIZED_AUTOS = YES_AGGRESSIVE;
				GCC_WARN_UNUSED_FUNCTION = YES;
				GCC_WARN_UNUSED_VARIABLE = YES;
				IPHONEOS_DEPLOYMENT_TARGET = 16.0;
				MTL_ENABLE_DEBUG_INFO = INCLUDE_SOURCE;
				MTL_FAST_MATH = YES;
				ONLY_ACTIVE_ARCH = YES;
				SDKROOT = iphoneos;
				SWIFT_ACTIVE_COMPILATION_CONDITIONS = DEBUG;
				SWIFT_OPTIMIZATION_LEVEL = "-Onone";
			};
			name = Debug;
		};
		9DA93859298E520D005A9B66 /* Release */ = {
			isa = XCBuildConfiguration;
			buildSettings = {
				ALWAYS_SEARCH_USER_PATHS = NO;
				CLANG_ANALYZER_LOCALIZABILITY_NONLOCALIZED = YES;
				CLANG_ANALYZER_NONNULL = YES;
				CLANG_ANALYZER_NUMBER_OBJECT_CONVERSION = YES_AGGRESSIVE;
				CLANG_CXX_LANGUAGE_STANDARD = "gnu++20";
				CLANG_ENABLE_MODULES = YES;
				CLANG_ENABLE_OBJC_ARC = YES;
				CLANG_ENABLE_OBJC_WEAK = YES;
				CLANG_WARN_BLOCK_CAPTURE_AUTORELEASING = YES;
				CLANG_WARN_BOOL_CONVERSION = YES;
				CLANG_WARN_COMMA = YES;
				CLANG_WARN_CONSTANT_CONVERSION = YES;
				CLANG_WARN_DEPRECATED_OBJC_IMPLEMENTATIONS = YES;
				CLANG_WARN_DIRECT_OBJC_ISA_USAGE = YES_ERROR;
				CLANG_WARN_DOCUMENTATION_COMMENTS = YES;
				CLANG_WARN_EMPTY_BODY = YES;
				CLANG_WARN_ENUM_CONVERSION = YES;
				CLANG_WARN_INFINITE_RECURSION = YES;
				CLANG_WARN_INT_CONVERSION = YES;
				CLANG_WARN_NON_LITERAL_NULL_CONVERSION = YES;
				CLANG_WARN_OBJC_IMPLICIT_RETAIN_SELF = YES;
				CLANG_WARN_OBJC_LITERAL_CONVERSION = YES;
				CLANG_WARN_OBJC_ROOT_CLASS = YES_ERROR;
				CLANG_WARN_QUOTED_INCLUDE_IN_FRAMEWORK_HEADER = YES;
				CLANG_WARN_RANGE_LOOP_ANALYSIS = YES;
				CLANG_WARN_STRICT_PROTOTYPES = YES;
				CLANG_WARN_SUSPICIOUS_MOVE = YES;
				CLANG_WARN_UNGUARDED_AVAILABILITY = YES_AGGRESSIVE;
				CLANG_WARN_UNREACHABLE_CODE = YES;
				CLANG_WARN__DUPLICATE_METHOD_MATCH = YES;
				COPY_PHASE_STRIP = NO;
				DEBUG_INFORMATION_FORMAT = "dwarf-with-dsym";
				ENABLE_NS_ASSERTIONS = NO;
				ENABLE_STRICT_OBJC_MSGSEND = YES;
				GCC_C_LANGUAGE_STANDARD = gnu11;
				GCC_NO_COMMON_BLOCKS = YES;
				GCC_WARN_64_TO_32_BIT_CONVERSION = YES;
				GCC_WARN_ABOUT_RETURN_TYPE = YES_ERROR;
				GCC_WARN_UNDECLARED_SELECTOR = YES;
				GCC_WARN_UNINITIALIZED_AUTOS = YES_AGGRESSIVE;
				GCC_WARN_UNUSED_FUNCTION = YES;
				GCC_WARN_UNUSED_VARIABLE = YES;
				IPHONEOS_DEPLOYMENT_TARGET = 16.0;
				MTL_ENABLE_DEBUG_INFO = NO;
				MTL_FAST_MATH = YES;
				SDKROOT = iphoneos;
				SWIFT_COMPILATION_MODE = wholemodule;
				SWIFT_OPTIMIZATION_LEVEL = "-O";
				VALIDATE_PRODUCT = YES;
			};
			name = Release;
		};
		9DA9385B298E520D005A9B66 /* Debug */ = {
			isa = XCBuildConfiguration;
			buildSettings = {
				ASSETCATALOG_COMPILER_APPICON_NAME = AppIcon;
				ASSETCATALOG_COMPILER_GLOBAL_ACCENT_COLOR_NAME = AccentColor;
				CODE_SIGN_STYLE = Automatic;
				CURRENT_PROJECT_VERSION = 1;
				DEVELOPMENT_TEAM = 8DURMPUBZ2;
				GENERATE_INFOPLIST_FILE = YES;
				INFOPLIST_FILE = PruebaTecnicaAkkodis/Info.plist;
				INFOPLIST_KEY_UIApplicationSupportsIndirectInputEvents = YES;
				INFOPLIST_KEY_UILaunchStoryboardName = LaunchScreen;
				INFOPLIST_KEY_UIMainStoryboardFile = "";
				INFOPLIST_KEY_UISupportedInterfaceOrientations = UIInterfaceOrientationPortrait;
				LD_RUNPATH_SEARCH_PATHS = (
					"$(inherited)",
					"@executable_path/Frameworks",
				);
				MARKETING_VERSION = 1.0;
				PRODUCT_BUNDLE_IDENTIFIER = com.apostol.alex.PruebaTecnicaAkkodis.PruebaTecnicaAkkodis;
				PRODUCT_NAME = "$(TARGET_NAME)";
				SWIFT_EMIT_LOC_STRINGS = YES;
				SWIFT_VERSION = 5.0;
				TARGETED_DEVICE_FAMILY = "1,2";
			};
			name = Debug;
		};
		9DA9385C298E520D005A9B66 /* Release */ = {
			isa = XCBuildConfiguration;
			buildSettings = {
				ASSETCATALOG_COMPILER_APPICON_NAME = AppIcon;
				ASSETCATALOG_COMPILER_GLOBAL_ACCENT_COLOR_NAME = AccentColor;
				CODE_SIGN_STYLE = Automatic;
				CURRENT_PROJECT_VERSION = 1;
				DEVELOPMENT_TEAM = 8DURMPUBZ2;
				GENERATE_INFOPLIST_FILE = YES;
				INFOPLIST_FILE = PruebaTecnicaAkkodis/Info.plist;
				INFOPLIST_KEY_UIApplicationSupportsIndirectInputEvents = YES;
				INFOPLIST_KEY_UILaunchStoryboardName = LaunchScreen;
				INFOPLIST_KEY_UIMainStoryboardFile = "";
				INFOPLIST_KEY_UISupportedInterfaceOrientations = UIInterfaceOrientationPortrait;
				LD_RUNPATH_SEARCH_PATHS = (
					"$(inherited)",
					"@executable_path/Frameworks",
				);
				MARKETING_VERSION = 1.0;
				PRODUCT_BUNDLE_IDENTIFIER = com.apostol.alex.PruebaTecnicaAkkodis.PruebaTecnicaAkkodis;
				PRODUCT_NAME = "$(TARGET_NAME)";
				SWIFT_EMIT_LOC_STRINGS = YES;
				SWIFT_VERSION = 5.0;
				TARGETED_DEVICE_FAMILY = "1,2";
			};
			name = Release;
		};
/* End XCBuildConfiguration section */

/* Begin XCConfigurationList section */
		9DA93841298E520A005A9B66 /* Build configuration list for PBXProject "PruebaTecnicaAkkodis" */ = {
			isa = XCConfigurationList;
			buildConfigurations = (
				9DA93858298E520D005A9B66 /* Debug */,
				9DA93859298E520D005A9B66 /* Release */,
			);
			defaultConfigurationIsVisible = 0;
			defaultConfigurationName = Release;
		};
		9DA9385A298E520D005A9B66 /* Build configuration list for PBXNativeTarget "PruebaTecnicaAkkodis" */ = {
			isa = XCConfigurationList;
			buildConfigurations = (
				9DA9385B298E520D005A9B66 /* Debug */,
				9DA9385C298E520D005A9B66 /* Release */,
			);
			defaultConfigurationIsVisible = 0;
			defaultConfigurationName = Release;
		};
/* End XCConfigurationList section */

/* Begin XCRemoteSwiftPackageReference section */
		9D79D5A2298E61670048F80E /* XCRemoteSwiftPackageReference "SDWebImage" */ = {
			isa = XCRemoteSwiftPackageReference;
			repositoryURL = "https://github.com/SDWebImage/SDWebImage";
			requirement = {
				kind = upToNextMajorVersion;
				minimumVersion = 5.0.0;
			};
		};
/* End XCRemoteSwiftPackageReference section */

/* Begin XCSwiftPackageProductDependency section */
		9D79D5A3298E61670048F80E /* SDWebImage */ = {
			isa = XCSwiftPackageProductDependency;
			package = 9D79D5A2298E61670048F80E /* XCRemoteSwiftPackageReference "SDWebImage" */;
			productName = SDWebImage;
		};
/* End XCSwiftPackageProductDependency section */
	};
	rootObject = 9DA9383E298E520A005A9B66 /* Project object */;
}
